
Microsoft Visual Studio Solution File, Format Version 12.00
# Visual Studio Version 16
VisualStudioVersion = 16.0.31515.178
MinimumVisualStudioVersion = 10.0.40219.1
Project("{FAE04EC0-301F-11D3-BF4B-00C04F79EFBC}") = "SerilogDemo", "SerilogDemo.csproj", "{D978385E-6039-44D4-B0F0-B886E5E06B43}"
EndProject
Global
	GlobalSection(SolutionConfigurationPlatforms) = preSolution
		Debug|Any CPU = Debug|Any CPU
		Release|Any CPU = Release|Any CPU
	EndGlobalSection
	GlobalSection(ProjectConfigurationPlatforms) = postSolution
		{D978385E-6039-44D4-B0F0-B886E5E06B43}.Debug|Any CPU.ActiveCfg = Debug|Any CPU
		{D978385E-6039-44D4-B0F0-B886E5E06B43}.Debug|Any CPU.Build.0 = Debug|Any CPU
		{D978385E-6039-44D4-B0F0-B886E5E06B43}.Release|Any CPU.ActiveCfg = Release|Any CPU
		{D978385E-6039-44D4-B0F0-B886E5E06B43}.Release|Any CPU.Build.0 = Release|Any CPU
	EndGlobalSection
	GlobalSection(SolutionProperties) = preSolution
		HideSolutionNode = FALSE
	EndGlobalSection
	GlobalSection(ExtensibilityGlobals) = postSolution
		SolutionGuid = {447CA5E0-73E1-4CDD-8272-E0679CAE78C3}
	EndGlobalSection
EndGlobal
