
Microsoft Visual Studio Solution File, Format Version 12.00
# Visual Studio Version 16
VisualStudioVersion = 16.0.31515.178
MinimumVisualStudioVersion = 10.0.40219.1
Project("{FAE04EC0-301F-11D3-BF4B-00C04F79EFBC}") = "SerilogDemo.WebApp", "src\SerilogDemo.WebApp\SerilogDemo.WebApp.csproj", "{B804825D-6E81-4630-9B09-E4D6E7DC7F4A}"
EndProject
Global
	GlobalSection(SolutionConfigurationPlatforms) = preSolution
		Debug|Any CPU = Debug|Any CPU
		Release|Any CPU = Release|Any CPU
	EndGlobalSection
	GlobalSection(ProjectConfigurationPlatforms) = postSolution
		{B804825D-6E81-4630-9B09-E4D6E7DC7F4A}.Debug|Any CPU.ActiveCfg = Debug|Any CPU
		{B804825D-6E81-4630-9B09-E4D6E7DC7F4A}.Debug|Any CPU.Build.0 = Debug|Any CPU
		{B804825D-6E81-4630-9B09-E4D6E7DC7F4A}.Release|Any CPU.ActiveCfg = Release|Any CPU
		{B804825D-6E81-4630-9B09-E4D6E7DC7F4A}.Release|Any CPU.Build.0 = Release|Any CPU
	EndGlobalSection
	GlobalSection(SolutionProperties) = preSolution
		HideSolutionNode = FALSE
	EndGlobalSection
	GlobalSection(ExtensibilityGlobals) = postSolution
		SolutionGuid = {447CA5E0-73E1-4CDD-8272-E0679CAE78C3}
	EndGlobalSection
EndGlobal
